
Microsoft Visual Studio Solution File, Format Version 12.00
# Visual Studio 2015
Project("{FAE04EC0-301F-11D3-BF4B-00C04F79EFBC}") = "Final_version", "Assembly-CSharp.csproj", "{8277D352-B726-FDB2-6EBE-90B17119E3DB}"
EndProject
Project("{FAE04EC0-301F-11D3-BF4B-00C04F79EFBC}") = "Final_version", "Assembly-CSharp-Editor.csproj", "{D6F006A5-D48D-3502-1A1E-088132DB2AA0}"
EndProject
Global
	GlobalSection(SolutionConfigurationPlatforms) = preSolution
		Debug|Any CPU = Debug|Any CPU
		Release|Any CPU = Release|Any CPU
	EndGlobalSection
	GlobalSection(ProjectConfigurationPlatforms) = postSolution
		{8277D352-B726-FDB2-6EBE-90B17119E3DB}.Debug|Any CPU.ActiveCfg = Debug|Any CPU
		{8277D352-B726-FDB2-6EBE-90B17119E3DB}.Debug|Any CPU.Build.0 = Debug|Any CPU
		{8277D352-B726-FDB2-6EBE-90B17119E3DB}.Release|Any CPU.ActiveCfg = Release|Any CPU
		{8277D352-B726-FDB2-6EBE-90B17119E3DB}.Release|Any CPU.Build.0 = Release|Any CPU
		{D6F006A5-D48D-3502-1A1E-088132DB2AA0}.Debug|Any CPU.ActiveCfg = Debug|Any CPU
		{D6F006A5-D48D-3502-1A1E-088132DB2AA0}.Debug|Any CPU.Build.0 = Debug|Any CPU
		{D6F006A5-D48D-3502-1A1E-088132DB2AA0}.Release|Any CPU.ActiveCfg = Release|Any CPU
		{D6F006A5-D48D-3502-1A1E-088132DB2AA0}.Release|Any CPU.Build.0 = Release|Any CPU
	EndGlobalSection
	GlobalSection(SolutionProperties) = preSolution
		HideSolutionNode = FALSE
	EndGlobalSection
EndGlobal
